// !$*UTF8*$!
{
	archiveVersion = 1;
	classes = {
	};
	objectVersion = 46;
	objects = {

/* Begin PBXBuildFile section */
		FE72A0D51EFF938800956FD5 /* crowdin_demoTests.swift in Sources */ = {isa = PBXBuildFile; fileRef = FE72A0D41EFF938800956FD5 /* crowdin_demoTests.swift */; };
		FE72A0E01EFF938800956FD5 /* crowdin_demoUITests.swift in Sources */ = {isa = PBXBuildFile; fileRef = FE72A0DF1EFF938800956FD5 /* crowdin_demoUITests.swift */; };
		FE72A1291F00029A00956FD5 /* AppDelegate.swift in Sources */ = {isa = PBXBuildFile; fileRef = FE72A10D1F00029A00956FD5 /* AppDelegate.swift */; };
		FE72A12A1F00029A00956FD5 /* Assets.xcassets in Resources */ = {isa = PBXBuildFile; fileRef = FE72A10E1F00029A00956FD5 /* Assets.xcassets */; };
		FE72A12B1F00029A00956FD5 /* Info.plist in Resources */ = {isa = PBXBuildFile; fileRef = FE72A10F1F00029A00956FD5 /* Info.plist */; };
		FE72A1311F00029A00956FD5 /* crowdin.yml in Resources */ = {isa = PBXBuildFile; fileRef = FE72A1271F00029A00956FD5 /* crowdin.yml */; };
		FE72A1321F00029A00956FD5 /* ViewController.swift in Sources */ = {isa = PBXBuildFile; fileRef = FE72A1281F00029A00956FD5 /* ViewController.swift */; };
		FE72A1641F00038800956FD5 /* LaunchScreen.storyboard in Resources */ = {isa = PBXBuildFile; fileRef = FE72A1501F00038800956FD5 /* LaunchScreen.storyboard */; };
		FE72A1651F00038800956FD5 /* Main.storyboard in Resources */ = {isa = PBXBuildFile; fileRef = FE72A1521F00038800956FD5 /* Main.storyboard */; };
		FE72A1661F00038800956FD5 /* LaunchScreen.strings in Resources */ = {isa = PBXBuildFile; fileRef = FE72A1541F00038800956FD5 /* LaunchScreen.strings */; };
		FE72A1671F00038800956FD5 /* Localizable.strings in Resources */ = {isa = PBXBuildFile; fileRef = FE72A1561F00038800956FD5 /* Localizable.strings */; };
		FE72A1681F00038800956FD5 /* Main.strings in Resources */ = {isa = PBXBuildFile; fileRef = FE72A1581F00038800956FD5 /* Main.strings */; };
/* End PBXBuildFile section */

/* Begin PBXContainerItemProxy section */
		FE72A0D11EFF938800956FD5 /* PBXContainerItemProxy */ = {
			isa = PBXContainerItemProxy;
			containerPortal = FE72A0B41EFF938800956FD5 /* Project object */;
			proxyType = 1;
			remoteGlobalIDString = FE72A0BB1EFF938800956FD5;
			remoteInfo = "crowdin demo";
		};
		FE72A0DC1EFF938800956FD5 /* PBXContainerItemProxy */ = {
			isa = PBXContainerItemProxy;
			containerPortal = FE72A0B41EFF938800956FD5 /* Project object */;
			proxyType = 1;
			remoteGlobalIDString = FE72A0BB1EFF938800956FD5;
			remoteInfo = "crowdin demo";
		};
/* End PBXContainerItemProxy section */

/* Begin PBXFileReference section */
		FE72A0BC1EFF938800956FD5 /* crowdin demo.app */ = {isa = PBXFileReference; explicitFileType = wrapper.application; includeInIndex = 0; path = "crowdin demo.app"; sourceTree = BUILT_PRODUCTS_DIR; };
		FE72A0D01EFF938800956FD5 /* crowdin demoTests.xctest */ = {isa = PBXFileReference; explicitFileType = wrapper.cfbundle; includeInIndex = 0; path = "crowdin demoTests.xctest"; sourceTree = BUILT_PRODUCTS_DIR; };
		FE72A0D41EFF938800956FD5 /* crowdin_demoTests.swift */ = {isa = PBXFileReference; lastKnownFileType = sourcecode.swift; path = crowdin_demoTests.swift; sourceTree = "<group>"; };
		FE72A0D61EFF938800956FD5 /* Info.plist */ = {isa = PBXFileReference; lastKnownFileType = text.plist.xml; path = Info.plist; sourceTree = "<group>"; };
		FE72A0DB1EFF938800956FD5 /* crowdin demoUITests.xctest */ = {isa = PBXFileReference; explicitFileType = wrapper.cfbundle; includeInIndex = 0; path = "crowdin demoUITests.xctest"; sourceTree = BUILT_PRODUCTS_DIR; };
		FE72A0DF1EFF938800956FD5 /* crowdin_demoUITests.swift */ = {isa = PBXFileReference; lastKnownFileType = sourcecode.swift; path = crowdin_demoUITests.swift; sourceTree = "<group>"; };
		FE72A0E11EFF938800956FD5 /* Info.plist */ = {isa = PBXFileReference; lastKnownFileType = text.plist.xml; path = Info.plist; sourceTree = "<group>"; };
		FE72A10D1F00029A00956FD5 /* AppDelegate.swift */ = {isa = PBXFileReference; fileEncoding = 4; lastKnownFileType = sourcecode.swift; path = AppDelegate.swift; sourceTree = "<group>"; };
		FE72A10E1F00029A00956FD5 /* Assets.xcassets */ = {isa = PBXFileReference; lastKnownFileType = folder.assetcatalog; path = Assets.xcassets; sourceTree = "<group>"; };
		FE72A10F1F00029A00956FD5 /* Info.plist */ = {isa = PBXFileReference; fileEncoding = 4; lastKnownFileType = text.plist.xml; path = Info.plist; sourceTree = "<group>"; };
		FE72A1271F00029A00956FD5 /* crowdin.yml */ = {isa = PBXFileReference; fileEncoding = 4; lastKnownFileType = text; path = crowdin.yml; sourceTree = "<group>"; };
		FE72A1281F00029A00956FD5 /* ViewController.swift */ = {isa = PBXFileReference; fileEncoding = 4; lastKnownFileType = sourcecode.swift; path = ViewController.swift; sourceTree = "<group>"; };
		FE72A1511F00038800956FD5 /* Base */ = {isa = PBXFileReference; lastKnownFileType = file.storyboard; name = Base; path = Base.lproj/LaunchScreen.storyboard; sourceTree = "<group>"; };
		FE72A1531F00038800956FD5 /* Base */ = {isa = PBXFileReference; lastKnownFileType = file.storyboard; name = Base; path = Base.lproj/Main.storyboard; sourceTree = "<group>"; };
		FE72A1551F00038800956FD5 /* de */ = {isa = PBXFileReference; lastKnownFileType = text.plist.strings; name = de; path = de.lproj/LaunchScreen.strings; sourceTree = "<group>"; };
		FE72A1571F00038800956FD5 /* de */ = {isa = PBXFileReference; lastKnownFileType = text.plist.strings; name = de; path = de.lproj/Localizable.strings; sourceTree = "<group>"; };
		FE72A1591F00038800956FD5 /* de */ = {isa = PBXFileReference; lastKnownFileType = text.plist.strings; name = de; path = de.lproj/Main.strings; sourceTree = "<group>"; };
		FE72A15A1F00038800956FD5 /* en */ = {isa = PBXFileReference; lastKnownFileType = text.plist.strings; name = en; path = en.lproj/Localizable.strings; sourceTree = "<group>"; };
		FE72A15B1F00038800956FD5 /* fr */ = {isa = PBXFileReference; lastKnownFileType = text.plist.strings; name = fr; path = fr.lproj/LaunchScreen.strings; sourceTree = "<group>"; };
		FE72A15C1F00038800956FD5 /* fr */ = {isa = PBXFileReference; lastKnownFileType = text.plist.strings; name = fr; path = fr.lproj/Localizable.strings; sourceTree = "<group>"; };
		FE72A15D1F00038800956FD5 /* fr */ = {isa = PBXFileReference; lastKnownFileType = text.plist.strings; name = fr; path = fr.lproj/Main.strings; sourceTree = "<group>"; };
		FE72A15E1F00038800956FD5 /* zh-Hans */ = {isa = PBXFileReference; lastKnownFileType = text.plist.strings; name = "zh-Hans"; path = "zh-Hans.lproj/LaunchScreen.strings"; sourceTree = "<group>"; };
		FE72A15F1F00038800956FD5 /* zh-Hans */ = {isa = PBXFileReference; lastKnownFileType = text.plist.strings; name = "zh-Hans"; path = "zh-Hans.lproj/Localizable.strings"; sourceTree = "<group>"; };
		FE72A1601F00038800956FD5 /* zh-Hans */ = {isa = PBXFileReference; lastKnownFileType = text.plist.strings; name = "zh-Hans"; path = "zh-Hans.lproj/Main.strings"; sourceTree = "<group>"; };
		FE72A1611F00038800956FD5 /* zh-Hant */ = {isa = PBXFileReference; lastKnownFileType = text.plist.strings; name = "zh-Hant"; path = "zh-Hant.lproj/LaunchScreen.strings"; sourceTree = "<group>"; };
		FE72A1621F00038800956FD5 /* zh-Hant */ = {isa = PBXFileReference; lastKnownFileType = text.plist.strings; name = "zh-Hant"; path = "zh-Hant.lproj/Localizable.strings"; sourceTree = "<group>"; };
		FE72A1631F00038800956FD5 /* zh-Hant */ = {isa = PBXFileReference; lastKnownFileType = text.plist.strings; name = "zh-Hant"; path = "zh-Hant.lproj/Main.strings"; sourceTree = "<group>"; };
/* End PBXFileReference section */

/* Begin PBXFrameworksBuildPhase section */
		FE72A0B91EFF938800956FD5 /* Frameworks */ = {
			isa = PBXFrameworksBuildPhase;
			buildActionMask = 2147483647;
			files = (
			);
			runOnlyForDeploymentPostprocessing = 0;
		};
		FE72A0CD1EFF938800956FD5 /* Frameworks */ = {
			isa = PBXFrameworksBuildPhase;
			buildActionMask = 2147483647;
			files = (
			);
			runOnlyForDeploymentPostprocessing = 0;
		};
		FE72A0D81EFF938800956FD5 /* Frameworks */ = {
			isa = PBXFrameworksBuildPhase;
			buildActionMask = 2147483647;
			files = (
			);
			runOnlyForDeploymentPostprocessing = 0;
		};
/* End PBXFrameworksBuildPhase section */

/* Begin PBXGroup section */
		FE72A0B31EFF938800956FD5 = {
			isa = PBXGroup;
			children = (
				FE72A14E1F00038800956FD5 /* Resources */,
				FE72A10C1F00029A00956FD5 /* Source */,
				FE72A0D31EFF938800956FD5 /* crowdin demoTests */,
				FE72A0DE1EFF938800956FD5 /* crowdin demoUITests */,
				FE72A0BD1EFF938800956FD5 /* Products */,
			);
			sourceTree = "<group>";
		};
		FE72A0BD1EFF938800956FD5 /* Products */ = {
			isa = PBXGroup;
			children = (
				FE72A0BC1EFF938800956FD5 /* crowdin demo.app */,
				FE72A0D01EFF938800956FD5 /* crowdin demoTests.xctest */,
				FE72A0DB1EFF938800956FD5 /* crowdin demoUITests.xctest */,
			);
			name = Products;
			sourceTree = "<group>";
		};
		FE72A0D31EFF938800956FD5 /* crowdin demoTests */ = {
			isa = PBXGroup;
			children = (
				FE72A0D41EFF938800956FD5 /* crowdin_demoTests.swift */,
				FE72A0D61EFF938800956FD5 /* Info.plist */,
			);
			path = "crowdin demoTests";
			sourceTree = "<group>";
		};
		FE72A0DE1EFF938800956FD5 /* crowdin demoUITests */ = {
			isa = PBXGroup;
			children = (
				FE72A0DF1EFF938800956FD5 /* crowdin_demoUITests.swift */,
				FE72A0E11EFF938800956FD5 /* Info.plist */,
			);
			path = "crowdin demoUITests";
			sourceTree = "<group>";
		};
		FE72A10C1F00029A00956FD5 /* Source */ = {
			isa = PBXGroup;
			children = (
				FE72A10D1F00029A00956FD5 /* AppDelegate.swift */,
				FE72A10E1F00029A00956FD5 /* Assets.xcassets */,
				FE72A10F1F00029A00956FD5 /* Info.plist */,
				FE72A1261F00029A00956FD5 /* scripts */,
				FE72A1281F00029A00956FD5 /* ViewController.swift */,
			);
			path = Source;
			sourceTree = "<group>";
		};
		FE72A1261F00029A00956FD5 /* scripts */ = {
			isa = PBXGroup;
			children = (
				FE72A1271F00029A00956FD5 /* crowdin.yml */,
			);
			path = scripts;
			sourceTree = "<group>";
		};
		FE72A14E1F00038800956FD5 /* Resources */ = {
			isa = PBXGroup;
			children = (
				FE72A14F1F00038800956FD5 /* Strings */,
			);
			path = Resources;
			sourceTree = "<group>";
		};
		FE72A14F1F00038800956FD5 /* Strings */ = {
			isa = PBXGroup;
			children = (
				FE72A1501F00038800956FD5 /* LaunchScreen.storyboard */,
				FE72A1521F00038800956FD5 /* Main.storyboard */,
				FE72A1541F00038800956FD5 /* LaunchScreen.strings */,
				FE72A1561F00038800956FD5 /* Localizable.strings */,
				FE72A1581F00038800956FD5 /* Main.strings */,
			);
			path = Strings;
			sourceTree = "<group>";
		};
/* End PBXGroup section */

/* Begin PBXNativeTarget section */
		FE72A0BB1EFF938800956FD5 /* crowdin demo */ = {
			isa = PBXNativeTarget;
			buildConfigurationList = FE72A0E41EFF938800956FD5 /* Build configuration list for PBXNativeTarget "crowdin demo" */;
			buildPhases = (
				FE72A0B81EFF938800956FD5 /* Sources */,
				FE72A0B91EFF938800956FD5 /* Frameworks */,
				FE72A0BA1EFF938800956FD5 /* Resources */,
			);
			buildRules = (
			);
			dependencies = (
			);
			name = "crowdin demo";
			productName = "crowdin demo";
			productReference = FE72A0BC1EFF938800956FD5 /* crowdin demo.app */;
			productType = "com.apple.product-type.application";
		};
		FE72A0CF1EFF938800956FD5 /* crowdin demoTests */ = {
			isa = PBXNativeTarget;
			buildConfigurationList = FE72A0E71EFF938800956FD5 /* Build configuration list for PBXNativeTarget "crowdin demoTests" */;
			buildPhases = (
				FE72A0CC1EFF938800956FD5 /* Sources */,
				FE72A0CD1EFF938800956FD5 /* Frameworks */,
				FE72A0CE1EFF938800956FD5 /* Resources */,
			);
			buildRules = (
			);
			dependencies = (
				FE72A0D21EFF938800956FD5 /* PBXTargetDependency */,
			);
			name = "crowdin demoTests";
			productName = "crowdin demoTests";
			productReference = FE72A0D01EFF938800956FD5 /* crowdin demoTests.xctest */;
			productType = "com.apple.product-type.bundle.unit-test";
		};
		FE72A0DA1EFF938800956FD5 /* crowdin demoUITests */ = {
			isa = PBXNativeTarget;
			buildConfigurationList = FE72A0EA1EFF938800956FD5 /* Build configuration list for PBXNativeTarget "crowdin demoUITests" */;
			buildPhases = (
				FE72A0D71EFF938800956FD5 /* Sources */,
				FE72A0D81EFF938800956FD5 /* Frameworks */,
				FE72A0D91EFF938800956FD5 /* Resources */,
			);
			buildRules = (
			);
			dependencies = (
				FE72A0DD1EFF938800956FD5 /* PBXTargetDependency */,
			);
			name = "crowdin demoUITests";
			productName = "crowdin demoUITests";
			productReference = FE72A0DB1EFF938800956FD5 /* crowdin demoUITests.xctest */;
			productType = "com.apple.product-type.bundle.ui-testing";
		};
/* End PBXNativeTarget section */

/* Begin PBXProject section */
		FE72A0B41EFF938800956FD5 /* Project object */ = {
			isa = PBXProject;
			attributes = {
				LastSwiftUpdateCheck = 0830;
				LastUpgradeCheck = 0830;
				ORGANIZATIONNAME = "Melissa Yung";
				TargetAttributes = {
					FE72A0BB1EFF938800956FD5 = {
						CreatedOnToolsVersion = 8.3.3;
						DevelopmentTeam = S9KVTB62M5;
						ProvisioningStyle = Automatic;
					};
					FE72A0CF1EFF938800956FD5 = {
						CreatedOnToolsVersion = 8.3.3;
						DevelopmentTeam = S9KVTB62M5;
						ProvisioningStyle = Automatic;
						TestTargetID = FE72A0BB1EFF938800956FD5;
					};
					FE72A0DA1EFF938800956FD5 = {
						CreatedOnToolsVersion = 8.3.3;
						DevelopmentTeam = S9KVTB62M5;
						ProvisioningStyle = Automatic;
						TestTargetID = FE72A0BB1EFF938800956FD5;
					};
				};
			};
			buildConfigurationList = FE72A0B71EFF938800956FD5 /* Build configuration list for PBXProject "crowdin demo" */;
			compatibilityVersion = "Xcode 3.2";
			developmentRegion = English;
			hasScannedForEncodings = 0;
			knownRegions = (
				en,
				Base,
				fr,
				de,
				"zh-Hans",
				"zh-Hant",
			);
			mainGroup = FE72A0B31EFF938800956FD5;
			productRefGroup = FE72A0BD1EFF938800956FD5 /* Products */;
			projectDirPath = "";
			projectRoot = "";
			targets = (
				FE72A0BB1EFF938800956FD5 /* crowdin demo */,
				FE72A0CF1EFF938800956FD5 /* crowdin demoTests */,
				FE72A0DA1EFF938800956FD5 /* crowdin demoUITests */,
			);
		};
/* End PBXProject section */

/* Begin PBXResourcesBuildPhase section */
		FE72A0BA1EFF938800956FD5 /* Resources */ = {
			isa = PBXResourcesBuildPhase;
			buildActionMask = 2147483647;
			files = (
				FE72A1641F00038800956FD5 /* LaunchScreen.storyboard in Resources */,
				FE72A1671F00038800956FD5 /* Localizable.strings in Resources */,
				FE72A1661F00038800956FD5 /* LaunchScreen.strings in Resources */,
				FE72A1651F00038800956FD5 /* Main.storyboard in Resources */,
				FE72A12A1F00029A00956FD5 /* Assets.xcassets in Resources */,
				FE72A1311F00029A00956FD5 /* crowdin.yml in Resources */,
				FE72A1681F00038800956FD5 /* Main.strings in Resources */,
				FE72A12B1F00029A00956FD5 /* Info.plist in Resources */,
			);
			runOnlyForDeploymentPostprocessing = 0;
		};
		FE72A0CE1EFF938800956FD5 /* Resources */ = {
			isa = PBXResourcesBuildPhase;
			buildActionMask = 2147483647;
			files = (
			);
			runOnlyForDeploymentPostprocessing = 0;
		};
		FE72A0D91EFF938800956FD5 /* Resources */ = {
			isa = PBXResourcesBuildPhase;
			buildActionMask = 2147483647;
			files = (
			);
			runOnlyForDeploymentPostprocessing = 0;
		};
/* End PBXResourcesBuildPhase section */

/* Begin PBXSourcesBuildPhase section */
		FE72A0B81EFF938800956FD5 /* Sources */ = {
			isa = PBXSourcesBuildPhase;
			buildActionMask = 2147483647;
			files = (
				FE72A1321F00029A00956FD5 /* ViewController.swift in Sources */,
				FE72A1291F00029A00956FD5 /* AppDelegate.swift in Sources */,
			);
			runOnlyForDeploymentPostprocessing = 0;
		};
		FE72A0CC1EFF938800956FD5 /* Sources */ = {
			isa = PBXSourcesBuildPhase;
			buildActionMask = 2147483647;
			files = (
				FE72A0D51EFF938800956FD5 /* crowdin_demoTests.swift in Sources */,
			);
			runOnlyForDeploymentPostprocessing = 0;
		};
		FE72A0D71EFF938800956FD5 /* Sources */ = {
			isa = PBXSourcesBuildPhase;
			buildActionMask = 2147483647;
			files = (
				FE72A0E01EFF938800956FD5 /* crowdin_demoUITests.swift in Sources */,
			);
			runOnlyForDeploymentPostprocessing = 0;
		};
/* End PBXSourcesBuildPhase section */

/* Begin PBXTargetDependency section */
		FE72A0D21EFF938800956FD5 /* PBXTargetDependency */ = {
			isa = PBXTargetDependency;
			target = FE72A0BB1EFF938800956FD5 /* crowdin demo */;
			targetProxy = FE72A0D11EFF938800956FD5 /* PBXContainerItemProxy */;
		};
		FE72A0DD1EFF938800956FD5 /* PBXTargetDependency */ = {
			isa = PBXTargetDependency;
			target = FE72A0BB1EFF938800956FD5 /* crowdin demo */;
			targetProxy = FE72A0DC1EFF938800956FD5 /* PBXContainerItemProxy */;
		};
/* End PBXTargetDependency section */

/* Begin PBXVariantGroup section */
		FE72A1501F00038800956FD5 /* LaunchScreen.storyboard */ = {
			isa = PBXVariantGroup;
			children = (
				FE72A1511F00038800956FD5 /* Base */,
			);
			name = LaunchScreen.storyboard;
			sourceTree = "<group>";
		};
		FE72A1521F00038800956FD5 /* Main.storyboard */ = {
			isa = PBXVariantGroup;
			children = (
				FE72A1531F00038800956FD5 /* Base */,
			);
			name = Main.storyboard;
			sourceTree = "<group>";
		};
		FE72A1541F00038800956FD5 /* LaunchScreen.strings */ = {
			isa = PBXVariantGroup;
			children = (
				FE72A1551F00038800956FD5 /* de */,
				FE72A15B1F00038800956FD5 /* fr */,
				FE72A15E1F00038800956FD5 /* zh-Hans */,
				FE72A1611F00038800956FD5 /* zh-Hant */,
			);
			name = LaunchScreen.strings;
			sourceTree = "<group>";
		};
		FE72A1561F00038800956FD5 /* Localizable.strings */ = {
			isa = PBXVariantGroup;
			children = (
				FE72A1571F00038800956FD5 /* de */,
				FE72A15A1F00038800956FD5 /* en */,
				FE72A15C1F00038800956FD5 /* fr */,
				FE72A15F1F00038800956FD5 /* zh-Hans */,
				FE72A1621F00038800956FD5 /* zh-Hant */,
			);
			name = Localizable.strings;
			sourceTree = "<group>";
		};
		FE72A1581F00038800956FD5 /* Main.strings */ = {
			isa = PBXVariantGroup;
			children = (
				FE72A1591F00038800956FD5 /* de */,
				FE72A15D1F00038800956FD5 /* fr */,
				FE72A1601F00038800956FD5 /* zh-Hans */,
				FE72A1631F00038800956FD5 /* zh-Hant */,
			);
			name = Main.strings;
			sourceTree = "<group>";
		};
/* End PBXVariantGroup section */

/* Begin XCBuildConfiguration section */
		FE72A0E21EFF938800956FD5 /* Debug */ = {
			isa = XCBuildConfiguration;
			buildSettings = {
				ALWAYS_SEARCH_USER_PATHS = NO;
				CLANG_ANALYZER_LOCALIZABILITY_NONLOCALIZED = YES;
				CLANG_ANALYZER_NONNULL = YES;
				CLANG_ANALYZER_NUMBER_OBJECT_CONVERSION = YES_AGGRESSIVE;
				CLANG_CXX_LANGUAGE_STANDARD = "gnu++0x";
				CLANG_CXX_LIBRARY = "libc++";
				CLANG_ENABLE_MODULES = YES;
				CLANG_ENABLE_OBJC_ARC = YES;
				CLANG_WARN_BOOL_CONVERSION = YES;
				CLANG_WARN_CONSTANT_CONVERSION = YES;
				CLANG_WARN_DIRECT_OBJC_ISA_USAGE = YES_ERROR;
				CLANG_WARN_DOCUMENTATION_COMMENTS = YES;
				CLANG_WARN_EMPTY_BODY = YES;
				CLANG_WARN_ENUM_CONVERSION = YES;
				CLANG_WARN_INFINITE_RECURSION = YES;
				CLANG_WARN_INT_CONVERSION = YES;
				CLANG_WARN_OBJC_ROOT_CLASS = YES_ERROR;
				CLANG_WARN_SUSPICIOUS_MOVE = YES;
				CLANG_WARN_UNREACHABLE_CODE = YES;
				CLANG_WARN__DUPLICATE_METHOD_MATCH = YES;
				"CODE_SIGN_IDENTITY[sdk=iphoneos*]" = "iPhone Developer";
				COPY_PHASE_STRIP = NO;
				DEBUG_INFORMATION_FORMAT = dwarf;
				ENABLE_STRICT_OBJC_MSGSEND = YES;
				ENABLE_TESTABILITY = YES;
				GCC_C_LANGUAGE_STANDARD = gnu99;
				GCC_DYNAMIC_NO_PIC = NO;
				GCC_NO_COMMON_BLOCKS = YES;
				GCC_OPTIMIZATION_LEVEL = 0;
				GCC_PREPROCESSOR_DEFINITIONS = (
					"DEBUG=1",
					"$(inherited)",
				);
				GCC_WARN_64_TO_32_BIT_CONVERSION = YES;
				GCC_WARN_ABOUT_RETURN_TYPE = YES_ERROR;
				GCC_WARN_UNDECLARED_SELECTOR = YES;
				GCC_WARN_UNINITIALIZED_AUTOS = YES_AGGRESSIVE;
				GCC_WARN_UNUSED_FUNCTION = YES;
				GCC_WARN_UNUSED_VARIABLE = YES;
				IPHONEOS_DEPLOYMENT_TARGET = 10.3;
				MTL_ENABLE_DEBUG_INFO = YES;
				ONLY_ACTIVE_ARCH = YES;
				SDKROOT = iphoneos;
				SWIFT_ACTIVE_COMPILATION_CONDITIONS = DEBUG;
				SWIFT_OPTIMIZATION_LEVEL = "-Onone";
				TARGETED_DEVICE_FAMILY = "1,2";
			};
			name = Debug;
		};
		FE72A0E31EFF938800956FD5 /* Release */ = {
			isa = XCBuildConfiguration;
			buildSettings = {
				ALWAYS_SEARCH_USER_PATHS = NO;
				CLANG_ANALYZER_LOCALIZABILITY_NONLOCALIZED = YES;
				CLANG_ANALYZER_NONNULL = YES;
				CLANG_ANALYZER_NUMBER_OBJECT_CONVERSION = YES_AGGRESSIVE;
				CLANG_CXX_LANGUAGE_STANDARD = "gnu++0x";
				CLANG_CXX_LIBRARY = "libc++";
				CLANG_ENABLE_MODULES = YES;
				CLANG_ENABLE_OBJC_ARC = YES;
				CLANG_WARN_BOOL_CONVERSION = YES;
				CLANG_WARN_CONSTANT_CONVERSION = YES;
				CLANG_WARN_DIRECT_OBJC_ISA_USAGE = YES_ERROR;
				CLANG_WARN_DOCUMENTATION_COMMENTS = YES;
				CLANG_WARN_EMPTY_BODY = YES;
				CLANG_WARN_ENUM_CONVERSION = YES;
				CLANG_WARN_INFINITE_RECURSION = YES;
				CLANG_WARN_INT_CONVERSION = YES;
				CLANG_WARN_OBJC_ROOT_CLASS = YES_ERROR;
				CLANG_WARN_SUSPICIOUS_MOVE = YES;
				CLANG_WARN_UNREACHABLE_CODE = YES;
				CLANG_WARN__DUPLICATE_METHOD_MATCH = YES;
				"CODE_SIGN_IDENTITY[sdk=iphoneos*]" = "iPhone Developer";
				COPY_PHASE_STRIP = NO;
				DEBUG_INFORMATION_FORMAT = "dwarf-with-dsym";
				ENABLE_NS_ASSERTIONS = NO;
				ENABLE_STRICT_OBJC_MSGSEND = YES;
				GCC_C_LANGUAGE_STANDARD = gnu99;
				GCC_NO_COMMON_BLOCKS = YES;
				GCC_WARN_64_TO_32_BIT_CONVERSION = YES;
				GCC_WARN_ABOUT_RETURN_TYPE = YES_ERROR;
				GCC_WARN_UNDECLARED_SELECTOR = YES;
				GCC_WARN_UNINITIALIZED_AUTOS = YES_AGGRESSIVE;
				GCC_WARN_UNUSED_FUNCTION = YES;
				GCC_WARN_UNUSED_VARIABLE = YES;
				IPHONEOS_DEPLOYMENT_TARGET = 10.3;
				MTL_ENABLE_DEBUG_INFO = NO;
				SDKROOT = iphoneos;
				SWIFT_OPTIMIZATION_LEVEL = "-Owholemodule";
				TARGETED_DEVICE_FAMILY = "1,2";
				VALIDATE_PRODUCT = YES;
			};
			name = Release;
		};
		FE72A0E51EFF938800956FD5 /* Debug */ = {
			isa = XCBuildConfiguration;
			buildSettings = {
				ASSETCATALOG_COMPILER_APPICON_NAME = AppIcon;
				DEVELOPMENT_TEAM = S9KVTB62M5;
				INFOPLIST_FILE = "$(SRCROOT)/Source/Info.plist";
				LD_RUNPATH_SEARCH_PATHS = "$(inherited) @executable_path/Frameworks";
				PRODUCT_BUNDLE_IDENTIFIER = "com.myioscache.crowdin-demo";
				PRODUCT_NAME = "$(TARGET_NAME)";
				SWIFT_VERSION = 3.0;
			};
			name = Debug;
		};
		FE72A0E61EFF938800956FD5 /* Release */ = {
			isa = XCBuildConfiguration;
			buildSettings = {
				ASSETCATALOG_COMPILER_APPICON_NAME = AppIcon;
				DEVELOPMENT_TEAM = S9KVTB62M5;
				INFOPLIST_FILE = "$(SRCROOT)/Source/Info.plist";
				LD_RUNPATH_SEARCH_PATHS = "$(inherited) @executable_path/Frameworks";
				PRODUCT_BUNDLE_IDENTIFIER = "com.myioscache.crowdin-demo";
				PRODUCT_NAME = "$(TARGET_NAME)";
				SWIFT_VERSION = 3.0;
			};
			name = Release;
		};
		FE72A0E81EFF938800956FD5 /* Debug */ = {
			isa = XCBuildConfiguration;
			buildSettings = {
				ALWAYS_EMBED_SWIFT_STANDARD_LIBRARIES = YES;
				BUNDLE_LOADER = "$(TEST_HOST)";
				DEVELOPMENT_TEAM = S9KVTB62M5;
				INFOPLIST_FILE = "crowdin demoTests/Info.plist";
				LD_RUNPATH_SEARCH_PATHS = "$(inherited) @executable_path/Frameworks @loader_path/Frameworks";
				PRODUCT_BUNDLE_IDENTIFIER = "com.myioscache.crowdin-demoTests";
				PRODUCT_NAME = "$(TARGET_NAME)";
				SWIFT_VERSION = 3.0;
				TEST_HOST = "$(BUILT_PRODUCTS_DIR)/crowdin demo.app/crowdin demo";
			};
			name = Debug;
		};
		FE72A0E91EFF938800956FD5 /* Release */ = {
			isa = XCBuildConfiguration;
			buildSettings = {
				ALWAYS_EMBED_SWIFT_STANDARD_LIBRARIES = YES;
				BUNDLE_LOADER = "$(TEST_HOST)";
				DEVELOPMENT_TEAM = S9KVTB62M5;
				INFOPLIST_FILE = "crowdin demoTests/Info.plist";
				LD_RUNPATH_SEARCH_PATHS = "$(inherited) @executable_path/Frameworks @loader_path/Frameworks";
				PRODUCT_BUNDLE_IDENTIFIER = "com.myioscache.crowdin-demoTests";
				PRODUCT_NAME = "$(TARGET_NAME)";
				SWIFT_VERSION = 3.0;
				TEST_HOST = "$(BUILT_PRODUCTS_DIR)/crowdin demo.app/crowdin demo";
			};
			name = Release;
		};
		FE72A0EB1EFF938800956FD5 /* Debug */ = {
			isa = XCBuildConfiguration;
			buildSettings = {
				ALWAYS_EMBED_SWIFT_STANDARD_LIBRARIES = YES;
				DEVELOPMENT_TEAM = S9KVTB62M5;
				INFOPLIST_FILE = "crowdin demoUITests/Info.plist";
				LD_RUNPATH_SEARCH_PATHS = "$(inherited) @executable_path/Frameworks @loader_path/Frameworks";
				PRODUCT_BUNDLE_IDENTIFIER = "com.myioscache.crowdin-demoUITests";
				PRODUCT_NAME = "$(TARGET_NAME)";
				SWIFT_VERSION = 3.0;
				TEST_TARGET_NAME = "crowdin demo";
			};
			name = Debug;
		};
		FE72A0EC1EFF938800956FD5 /* Release */ = {
			isa = XCBuildConfiguration;
			buildSettings = {
				ALWAYS_EMBED_SWIFT_STANDARD_LIBRARIES = YES;
				DEVELOPMENT_TEAM = S9KVTB62M5;
				INFOPLIST_FILE = "crowdin demoUITests/Info.plist";
				LD_RUNPATH_SEARCH_PATHS = "$(inherited) @executable_path/Frameworks @loader_path/Frameworks";
				PRODUCT_BUNDLE_IDENTIFIER = "com.myioscache.crowdin-demoUITests";
				PRODUCT_NAME = "$(TARGET_NAME)";
				SWIFT_VERSION = 3.0;
				TEST_TARGET_NAME = "crowdin demo";
			};
			name = Release;
		};
/* End XCBuildConfiguration section */

/* Begin XCConfigurationList section */
		FE72A0B71EFF938800956FD5 /* Build configuration list for PBXProject "crowdin demo" */ = {
			isa = XCConfigurationList;
			buildConfigurations = (
				FE72A0E21EFF938800956FD5 /* Debug */,
				FE72A0E31EFF938800956FD5 /* Release */,
			);
			defaultConfigurationIsVisible = 0;
			defaultConfigurationName = Release;
		};
		FE72A0E41EFF938800956FD5 /* Build configuration list for PBXNativeTarget "crowdin demo" */ = {
			isa = XCConfigurationList;
			buildConfigurations = (
				FE72A0E51EFF938800956FD5 /* Debug */,
				FE72A0E61EFF938800956FD5 /* Release */,
			);
			defaultConfigurationIsVisible = 0;
			defaultConfigurationName = Release;
		};
		FE72A0E71EFF938800956FD5 /* Build configuration list for PBXNativeTarget "crowdin demoTests" */ = {
			isa = XCConfigurationList;
			buildConfigurations = (
				FE72A0E81EFF938800956FD5 /* Debug */,
				FE72A0E91EFF938800956FD5 /* Release */,
			);
			defaultConfigurationIsVisible = 0;
			defaultConfigurationName = Release;
		};
		FE72A0EA1EFF938800956FD5 /* Build configuration list for PBXNativeTarget "crowdin demoUITests" */ = {
			isa = XCConfigurationList;
			buildConfigurations = (
				FE72A0EB1EFF938800956FD5 /* Debug */,
				FE72A0EC1EFF938800956FD5 /* Release */,
			);
			defaultConfigurationIsVisible = 0;
			defaultConfigurationName = Release;
		};
/* End XCConfigurationList section */
	};
	rootObject = FE72A0B41EFF938800956FD5 /* Project object */;
}
